
Microsoft Visual Studio Solution File, Format Version 12.00
# Visual Studio Version 17
VisualStudioVersion = 17.2.32630.192
MinimumVisualStudioVersion = 10.0.40219.1
Project("{FAE04EC0-301F-11D3-BF4B-00C04F79EFBC}") = "Tarea1_2.Android", "Tarea1_2\Tarea1_2.Android\Tarea1_2.Android.csproj", "{58B6CCA6-9714-4EFB-A8BF-18FD621D4D36}"
EndProject
Project("{FAE04EC0-301F-11D3-BF4B-00C04F79EFBC}") = "Tarea1_2", "Tarea1_2\Tarea1_2\Tarea1_2.csproj", "{5945003C-F0E8-4A84-AEE3-0406C9111631}"
EndProject
Global
	GlobalSection(SolutionConfigurationPlatforms) = preSolution
		Debug|Any CPU = Debug|Any CPU
		Release|Any CPU = Release|Any CPU
	EndGlobalSection
	GlobalSection(ProjectConfigurationPlatforms) = postSolution
		{58B6CCA6-9714-4EFB-A8BF-18FD621D4D36}.Debug|Any CPU.ActiveCfg = Debug|Any CPU
		{58B6CCA6-9714-4EFB-A8BF-18FD621D4D36}.Debug|Any CPU.Build.0 = Debug|Any CPU
		{58B6CCA6-9714-4EFB-A8BF-18FD621D4D36}.Debug|Any CPU.Deploy.0 = Debug|Any CPU
		{58B6CCA6-9714-4EFB-A8BF-18FD621D4D36}.Release|Any CPU.ActiveCfg = Release|Any CPU
		{58B6CCA6-9714-4EFB-A8BF-18FD621D4D36}.Release|Any CPU.Build.0 = Release|Any CPU
		{58B6CCA6-9714-4EFB-A8BF-18FD621D4D36}.Release|Any CPU.Deploy.0 = Release|Any CPU
		{5945003C-F0E8-4A84-AEE3-0406C9111631}.Debug|Any CPU.ActiveCfg = Debug|Any CPU
		{5945003C-F0E8-4A84-AEE3-0406C9111631}.Debug|Any CPU.Build.0 = Debug|Any CPU
		{5945003C-F0E8-4A84-AEE3-0406C9111631}.Debug|Any CPU.Deploy.0 = Debug|Any CPU
		{5945003C-F0E8-4A84-AEE3-0406C9111631}.Release|Any CPU.ActiveCfg = Release|Any CPU
		{5945003C-F0E8-4A84-AEE3-0406C9111631}.Release|Any CPU.Build.0 = Release|Any CPU
		{5945003C-F0E8-4A84-AEE3-0406C9111631}.Release|Any CPU.Deploy.0 = Release|Any CPU
	EndGlobalSection
	GlobalSection(SolutionProperties) = preSolution
		HideSolutionNode = FALSE
	EndGlobalSection
	GlobalSection(ExtensibilityGlobals) = postSolution
		SolutionGuid = {F15540D2-07A8-4DF7-8DA8-6F4652C63F07}
	EndGlobalSection
EndGlobal
